
Microsoft Visual Studio Solution File, Format Version 12.00
# Visual Studio 15
VisualStudioVersion = 15.0.27428.2037
MinimumVisualStudioVersion = 10.0.40219.1
Project("{F184B08F-C81C-45F6-A57F-5ABD9991F28F}") = "vbsql", "vbsql\vbsql.vbproj", "{BA6765F6-A2D9-493F-9A98-F32831867F2D}"
EndProject
Project("{F184B08F-C81C-45F6-A57F-5ABD9991F28F}") = "vbsqlTest", "vbsqlTest\vbsqlTest.vbproj", "{A5F174E7-3275-4A54-B03C-74AC1F5B1563}"
EndProject
Global
	GlobalSection(SolutionConfigurationPlatforms) = preSolution
		Debug|Any CPU = Debug|Any CPU
		Release|Any CPU = Release|Any CPU
	EndGlobalSection
	GlobalSection(ProjectConfigurationPlatforms) = postSolution
		{BA6765F6-A2D9-493F-9A98-F32831867F2D}.Debug|Any CPU.ActiveCfg = Debug|Any CPU
		{BA6765F6-A2D9-493F-9A98-F32831867F2D}.Debug|Any CPU.Build.0 = Debug|Any CPU
		{BA6765F6-A2D9-493F-9A98-F32831867F2D}.Release|Any CPU.ActiveCfg = Release|Any CPU
		{BA6765F6-A2D9-493F-9A98-F32831867F2D}.Release|Any CPU.Build.0 = Release|Any CPU
		{A5F174E7-3275-4A54-B03C-74AC1F5B1563}.Debug|Any CPU.ActiveCfg = Debug|Any CPU
		{A5F174E7-3275-4A54-B03C-74AC1F5B1563}.Debug|Any CPU.Build.0 = Debug|Any CPU
		{A5F174E7-3275-4A54-B03C-74AC1F5B1563}.Release|Any CPU.ActiveCfg = Release|Any CPU
		{A5F174E7-3275-4A54-B03C-74AC1F5B1563}.Release|Any CPU.Build.0 = Release|Any CPU
	EndGlobalSection
	GlobalSection(SolutionProperties) = preSolution
		HideSolutionNode = FALSE
	EndGlobalSection
	GlobalSection(ExtensibilityGlobals) = postSolution
		SolutionGuid = {A1539AD6-DDC0-4FDB-B5A9-55FD4A3169E0}
	EndGlobalSection
EndGlobal
